
Microsoft Visual Studio Solution File, Format Version 12.00
# Visual Studio 2012
Project("{FAE04EC0-301F-11D3-BF4B-00C04F79EFBC}") = "sample", "sample\sample.csproj", "{316560C6-577E-4C28-AC6D-A1A11F7C749C}"
EndProject
Global
	GlobalSection(SolutionConfigurationPlatforms) = preSolution
		Debug|Any CPU = Debug|Any CPU
		Release|Any CPU = Release|Any CPU
	EndGlobalSection
	GlobalSection(ProjectConfigurationPlatforms) = postSolution
		{316560C6-577E-4C28-AC6D-A1A11F7C749C}.Debug|Any CPU.ActiveCfg = Debug|Any CPU
		{316560C6-577E-4C28-AC6D-A1A11F7C749C}.Debug|Any CPU.Build.0 = Debug|Any CPU
		{316560C6-577E-4C28-AC6D-A1A11F7C749C}.Release|Any CPU.ActiveCfg = Release|Any CPU
		{316560C6-577E-4C28-AC6D-A1A11F7C749C}.Release|Any CPU.Build.0 = Release|Any CPU
	EndGlobalSection
EndGlobal
